
Microsoft Visual Studio Solution File, Format Version 11.00
# Visual Studio 2010
Project("{FAE04EC0-301F-11D3-BF4B-00C04F79EFBC}") = "Assembly-CSharp", "Assembly-CSharp.csproj", "{FCDA1509-2AE5-B492-F69F-2DC773480866}"
EndProject
Project("{FAE04EC0-301F-11D3-BF4B-00C04F79EFBC}") = "Assembly-CSharp-Editor", "Assembly-CSharp-Editor.csproj", "{D9FF0DB3-4D70-C032-BB3A-F5562D2DF3F3}"
EndProject
Global
	GlobalSection(SolutionConfigurationPlatforms) = preSolution
		Debug|Any CPU = Debug|Any CPU
		Release|Any CPU = Release|Any CPU
	EndGlobalSection
	GlobalSection(ProjectConfigurationPlatforms) = postSolution
		{FCDA1509-2AE5-B492-F69F-2DC773480866}.Debug|Any CPU.ActiveCfg = Debug|Any CPU
		{FCDA1509-2AE5-B492-F69F-2DC773480866}.Debug|Any CPU.Build.0 = Debug|Any CPU
		{FCDA1509-2AE5-B492-F69F-2DC773480866}.Release|Any CPU.ActiveCfg = Release|Any CPU
		{FCDA1509-2AE5-B492-F69F-2DC773480866}.Release|Any CPU.Build.0 = Release|Any CPU
		{D9FF0DB3-4D70-C032-BB3A-F5562D2DF3F3}.Debug|Any CPU.ActiveCfg = Debug|Any CPU
		{D9FF0DB3-4D70-C032-BB3A-F5562D2DF3F3}.Debug|Any CPU.Build.0 = Debug|Any CPU
		{D9FF0DB3-4D70-C032-BB3A-F5562D2DF3F3}.Release|Any CPU.ActiveCfg = Release|Any CPU
		{D9FF0DB3-4D70-C032-BB3A-F5562D2DF3F3}.Release|Any CPU.Build.0 = Release|Any CPU
	EndGlobalSection
	GlobalSection(SolutionProperties) = preSolution
		HideSolutionNode = FALSE
	EndGlobalSection
	GlobalSection(MonoDevelopProperties) = preSolution
		StartupItem = Assembly-CSharp.csproj
	EndGlobalSection
EndGlobal
